schema: '2.0'
stages:
  make_dataset:
    cmd: python .\src\data\make_dataset.py
    deps:
    - path: .\data\ingested\student_performance.csv
      hash: md5
      md5: 64364f4a63e1a6e482ac906dcae90c40
      size: 2214
    - path: .\src\data\make_dataset.py
      hash: md5
      md5: a2aefbef2b8f3bfdcec53bc10caa5288
      size: 1808
    params:
      params.yaml:
        make_dataset.random_state: 42
        make_dataset.test_size: 0.2
    outs:
    - path: .\data\raw\
      hash: md5
      md5: 7fd29282963b3ec5c0f78833b3c17ff9.dir
      size: 2374
      nfiles: 2
  build_features:
    cmd: python .\src\features\build_features.py
    deps:
    - path: .\data\raw\
      hash: md5
      md5: 7fd29282963b3ec5c0f78833b3c17ff9.dir
      size: 2374
      nfiles: 2
    - path: .\src\features\build_features.py
      hash: md5
      md5: 6033622dffdf16fe3284b70b1d29738c
      size: 2600
    params:
      params.yaml:
        build_features.n_components: 0.95
    outs:
    - path: .\data\processed\
      hash: md5
      md5: 03e7f263306fe5f69586267c234d054f.dir
      size: 10149
      nfiles: 2
    - path: .\models\preprocessor.joblib
      hash: md5
      md5: 674023ec0657997a62baa94a883087cc
      size: 2550
  train_model:
    cmd: python .\src\models\train_model.py
    deps:
    - path: .\data\processed\train_processed.csv
      hash: md5
      md5: 6e98dbe2c82e7f245273f7ac252ec863
      size: 8096
    - path: .\src\models\train_model.py
      hash: md5
      md5: d0174e16d9dd898b45c04e72320e5c27
      size: 1475
    params:
      params.yaml:
        train_model:
          n_estimators: 100
          verbose: 2
          learning_rate: 0.1
          max_depth: 4
    outs:
    - path: .\models\model.joblib
      hash: md5
      md5: c087c222f72ed3f5484a8f662b08c86e
      size: 260088
